// !$*UTF8*$!
{
	archiveVersion = 1;
	classes = {
	};
	objectVersion = 46;
	objects = {

/* Begin PBXBuildFile section */
		8643E54A15646D57005072F6 /* Foundation.framework in Frameworks */ = {isa = PBXBuildFile; fileRef = 8643E54915646D57005072F6 /* Foundation.framework */; };
		8643E54D15646D57005072F6 /* main.m in Sources */ = {isa = PBXBuildFile; fileRef = 8643E54C15646D57005072F6 /* main.m */; };
		8643E55115646D57005072F6 /* Chapter_15_Challenge_A.1 in CopyFiles */ = {isa = PBXBuildFile; fileRef = 8643E55015646D57005072F6 /* Chapter_15_Challenge_A.1 */; };
/* End PBXBuildFile section */

/* Begin PBXCopyFilesBuildPhase section */
		8643E54315646D57005072F6 /* CopyFiles */ = {
			isa = PBXCopyFilesBuildPhase;
			buildActionMask = 2147483647;
			dstPath = /usr/share/man/man1/;
			dstSubfolderSpec = 0;
			files = (
				8643E55115646D57005072F6 /* Chapter_15_Challenge_A.1 in CopyFiles */,
			);
			runOnlyForDeploymentPostprocessing = 1;
		};
/* End PBXCopyFilesBuildPhase section */

/* Begin PBXFileReference section */
		8643E54515646D57005072F6 /* Chapter-15-Challenge-A */ = {isa = PBXFileReference; explicitFileType = "compiled.mach-o.executable"; includeInIndex = 0; path = "Chapter-15-Challenge-A"; sourceTree = BUILT_PRODUCTS_DIR; };
		8643E54915646D57005072F6 /* Foundation.framework */ = {isa = PBXFileReference; lastKnownFileType = wrapper.framework; name = Foundation.framework; path = System/Library/Frameworks/Foundation.framework; sourceTree = SDKROOT; };
		8643E54C15646D57005072F6 /* main.m */ = {isa = PBXFileReference; lastKnownFileType = sourcecode.c.objc; path = main.m; sourceTree = "<group>"; };
		8643E54F15646D57005072F6 /* Chapter-15-Challenge-A-Prefix.pch */ = {isa = PBXFileReference; lastKnownFileType = sourcecode.c.h; path = "Chapter-15-Challenge-A-Prefix.pch"; sourceTree = "<group>"; };
		8643E55015646D57005072F6 /* Chapter_15_Challenge_A.1 */ = {isa = PBXFileReference; lastKnownFileType = text.man; path = Chapter_15_Challenge_A.1; sourceTree = "<group>"; };
/* End PBXFileReference section */

/* Begin PBXFrameworksBuildPhase section */
		8643E54215646D57005072F6 /* Frameworks */ = {
			isa = PBXFrameworksBuildPhase;
			buildActionMask = 2147483647;
			files = (
				8643E54A15646D57005072F6 /* Foundation.framework in Frameworks */,
			);
			runOnlyForDeploymentPostprocessing = 0;
		};
/* End PBXFrameworksBuildPhase section */

/* Begin PBXGroup section */
		8643E53A15646D57005072F6 = {
			isa = PBXGroup;
			children = (
				8643E54B15646D57005072F6 /* Chapter-15-Challenge-A */,
				8643E54815646D57005072F6 /* Frameworks */,
				8643E54615646D57005072F6 /* Products */,
			);
			sourceTree = "<group>";
		};
		8643E54615646D57005072F6 /* Products */ = {
			isa = PBXGroup;
			children = (
				8643E54515646D57005072F6 /* Chapter-15-Challenge-A */,
			);
			name = Products;
			sourceTree = "<group>";
		};
		8643E54815646D57005072F6 /* Frameworks */ = {
			isa = PBXGroup;
			children = (
				8643E54915646D57005072F6 /* Foundation.framework */,
			);
			name = Frameworks;
			sourceTree = "<group>";
		};
		8643E54B15646D57005072F6 /* Chapter-15-Challenge-A */ = {
			isa = PBXGroup;
			children = (
				8643E54C15646D57005072F6 /* main.m */,
				8643E55015646D57005072F6 /* Chapter_15_Challenge_A.1 */,
				8643E54E15646D57005072F6 /* Supporting Files */,
			);
			path = "Chapter-15-Challenge-A";
			sourceTree = "<group>";
		};
		8643E54E15646D57005072F6 /* Supporting Files */ = {
			isa = PBXGroup;
			children = (
				8643E54F15646D57005072F6 /* Chapter-15-Challenge-A-Prefix.pch */,
			);
			name = "Supporting Files";
			sourceTree = "<group>";
		};
/* End PBXGroup section */

/* Begin PBXNativeTarget section */
		8643E54415646D57005072F6 /* Chapter-15-Challenge-A */ = {
			isa = PBXNativeTarget;
			buildConfigurationList = 8643E55415646D57005072F6 /* Build configuration list for PBXNativeTarget "Chapter-15-Challenge-A" */;
			buildPhases = (
				8643E54115646D57005072F6 /* Sources */,
				8643E54215646D57005072F6 /* Frameworks */,
				8643E54315646D57005072F6 /* CopyFiles */,
			);
			buildRules = (
			);
			dependencies = (
			);
			name = "Chapter-15-Challenge-A";
			productName = "Chapter-15-Challenge-A";
			productReference = 8643E54515646D57005072F6 /* Chapter-15-Challenge-A */;
			productType = "com.apple.product-type.tool";
		};
/* End PBXNativeTarget section */

/* Begin PBXProject section */
		8643E53C15646D57005072F6 /* Project object */ = {
			isa = PBXProject;
			attributes = {
				LastUpgradeCheck = 0430;
			};
			buildConfigurationList = 8643E53F15646D57005072F6 /* Build configuration list for PBXProject "Chapter-15-Challenge-A" */;
			compatibilityVersion = "Xcode 3.2";
			developmentRegion = English;
			hasScannedForEncodings = 0;
			knownRegions = (
				en,
			);
			mainGroup = 8643E53A15646D57005072F6;
			productRefGroup = 8643E54615646D57005072F6 /* Products */;
			projectDirPath = "";
			projectRoot = "";
			targets = (
				8643E54415646D57005072F6 /* Chapter-15-Challenge-A */,
			);
		};
/* End PBXProject section */

/* Begin PBXSourcesBuildPhase section */
		8643E54115646D57005072F6 /* Sources */ = {
			isa = PBXSourcesBuildPhase;
			buildActionMask = 2147483647;
			files = (
				8643E54D15646D57005072F6 /* main.m in Sources */,
			);
			runOnlyForDeploymentPostprocessing = 0;
		};
/* End PBXSourcesBuildPhase section */

/* Begin XCBuildConfiguration section */
		8643E55215646D57005072F6 /* Debug */ = {
			isa = XCBuildConfiguration;
			buildSettings = {
				ALWAYS_SEARCH_USER_PATHS = NO;
				ARCHS = "$(ARCHS_STANDARD_64_BIT)";
				CLANG_ENABLE_OBJC_ARC = YES;
				COPY_PHASE_STRIP = NO;
				GCC_C_LANGUAGE_STANDARD = gnu99;
				GCC_DYNAMIC_NO_PIC = NO;
				GCC_ENABLE_OBJC_EXCEPTIONS = YES;
				GCC_OPTIMIZATION_LEVEL = 0;
				GCC_PREPROCESSOR_DEFINITIONS = (
					"DEBUG=1",
					"$(inherited)",
				);
				GCC_SYMBOLS_PRIVATE_EXTERN = NO;
				GCC_VERSION = com.apple.compilers.llvm.clang.1_0;
				GCC_WARN_64_TO_32_BIT_CONVERSION = YES;
				GCC_WARN_ABOUT_RETURN_TYPE = YES;
				GCC_WARN_UNINITIALIZED_AUTOS = YES;
				GCC_WARN_UNUSED_VARIABLE = YES;
				MACOSX_DEPLOYMENT_TARGET = 10.7;
				ONLY_ACTIVE_ARCH = YES;
				SDKROOT = macosx;
			};
			name = Debug;
		};
		8643E55315646D57005072F6 /* Release */ = {
			isa = XCBuildConfiguration;
			buildSettings = {
				ALWAYS_SEARCH_USER_PATHS = NO;
				ARCHS = "$(ARCHS_STANDARD_64_BIT)";
				CLANG_ENABLE_OBJC_ARC = YES;
				COPY_PHASE_STRIP = YES;
				DEBUG_INFORMATION_FORMAT = "dwarf-with-dsym";
				GCC_C_LANGUAGE_STANDARD = gnu99;
				GCC_ENABLE_OBJC_EXCEPTIONS = YES;
				GCC_VERSION = com.apple.compilers.llvm.clang.1_0;
				GCC_WARN_64_TO_32_BIT_CONVERSION = YES;
				GCC_WARN_ABOUT_RETURN_TYPE = YES;
				GCC_WARN_UNINITIALIZED_AUTOS = YES;
				GCC_WARN_UNUSED_VARIABLE = YES;
				MACOSX_DEPLOYMENT_TARGET = 10.7;
				SDKROOT = macosx;
			};
			name = Release;
		};
		8643E55515646D57005072F6 /* Debug */ = {
			isa = XCBuildConfiguration;
			buildSettings = {
				GCC_PRECOMPILE_PREFIX_HEADER = YES;
				GCC_PREFIX_HEADER = "Chapter-15-Challenge-A/Chapter-15-Challenge-A-Prefix.pch";
				PRODUCT_NAME = "$(TARGET_NAME)";
			};
			name = Debug;
		};
		8643E55615646D57005072F6 /* Release */ = {
			isa = XCBuildConfiguration;
			buildSettings = {
				GCC_PRECOMPILE_PREFIX_HEADER = YES;
				GCC_PREFIX_HEADER = "Chapter-15-Challenge-A/Chapter-15-Challenge-A-Prefix.pch";
				PRODUCT_NAME = "$(TARGET_NAME)";
			};
			name = Release;
		};
/* End XCBuildConfiguration section */

/* Begin XCConfigurationList section */
		8643E53F15646D57005072F6 /* Build configuration list for PBXProject "Chapter-15-Challenge-A" */ = {
			isa = XCConfigurationList;
			buildConfigurations = (
				8643E55215646D57005072F6 /* Debug */,
				8643E55315646D57005072F6 /* Release */,
			);
			defaultConfigurationIsVisible = 0;
			defaultConfigurationName = Release;
		};
		8643E55415646D57005072F6 /* Build configuration list for PBXNativeTarget "Chapter-15-Challenge-A" */ = {
			isa = XCConfigurationList;
			buildConfigurations = (
				8643E55515646D57005072F6 /* Debug */,
				8643E55615646D57005072F6 /* Release */,
			);
			defaultConfigurationIsVisible = 0;
		};
/* End XCConfigurationList section */
	};
	rootObject = 8643E53C15646D57005072F6 /* Project object */;
}
