// !$*UTF8*$!
{
	archiveVersion = 1;
	classes = {
	};
	objectVersion = 46;
	objects = {

/* Begin PBXBuildFile section */
		868BE80B155420CD005C1F43 /* main.c in Sources */ = {isa = PBXBuildFile; fileRef = 868BE80A155420CD005C1F43 /* main.c */; };
		868BE80D155420CD005C1F43 /* Chapter_7_Challenge.1 in CopyFiles */ = {isa = PBXBuildFile; fileRef = 868BE80C155420CD005C1F43 /* Chapter_7_Challenge.1 */; };
/* End PBXBuildFile section */

/* Begin PBXCopyFilesBuildPhase section */
		868BE804155420CD005C1F43 /* CopyFiles */ = {
			isa = PBXCopyFilesBuildPhase;
			buildActionMask = 2147483647;
			dstPath = /usr/share/man/man1/;
			dstSubfolderSpec = 0;
			files = (
				868BE80D155420CD005C1F43 /* Chapter_7_Challenge.1 in CopyFiles */,
			);
			runOnlyForDeploymentPostprocessing = 1;
		};
/* End PBXCopyFilesBuildPhase section */

/* Begin PBXFileReference section */
		868BE806155420CD005C1F43 /* Chapter 7 Challenge */ = {isa = PBXFileReference; explicitFileType = "compiled.mach-o.executable"; includeInIndex = 0; path = "Chapter 7 Challenge"; sourceTree = BUILT_PRODUCTS_DIR; };
		868BE80A155420CD005C1F43 /* main.c */ = {isa = PBXFileReference; lastKnownFileType = sourcecode.c.c; path = main.c; sourceTree = "<group>"; };
		868BE80C155420CD005C1F43 /* Chapter_7_Challenge.1 */ = {isa = PBXFileReference; lastKnownFileType = text.man; path = Chapter_7_Challenge.1; sourceTree = "<group>"; };
/* End PBXFileReference section */

/* Begin PBXFrameworksBuildPhase section */
		868BE803155420CD005C1F43 /* Frameworks */ = {
			isa = PBXFrameworksBuildPhase;
			buildActionMask = 2147483647;
			files = (
			);
			runOnlyForDeploymentPostprocessing = 0;
		};
/* End PBXFrameworksBuildPhase section */

/* Begin PBXGroup section */
		868BE7FB155420CD005C1F43 = {
			isa = PBXGroup;
			children = (
				868BE809155420CD005C1F43 /* Chapter 7 Challenge */,
				868BE807155420CD005C1F43 /* Products */,
			);
			sourceTree = "<group>";
		};
		868BE807155420CD005C1F43 /* Products */ = {
			isa = PBXGroup;
			children = (
				868BE806155420CD005C1F43 /* Chapter 7 Challenge */,
			);
			name = Products;
			sourceTree = "<group>";
		};
		868BE809155420CD005C1F43 /* Chapter 7 Challenge */ = {
			isa = PBXGroup;
			children = (
				868BE80A155420CD005C1F43 /* main.c */,
				868BE80C155420CD005C1F43 /* Chapter_7_Challenge.1 */,
			);
			path = "Chapter 7 Challenge";
			sourceTree = "<group>";
		};
/* End PBXGroup section */

/* Begin PBXNativeTarget section */
		868BE805155420CD005C1F43 /* Chapter 7 Challenge */ = {
			isa = PBXNativeTarget;
			buildConfigurationList = 868BE810155420CD005C1F43 /* Build configuration list for PBXNativeTarget "Chapter 7 Challenge" */;
			buildPhases = (
				868BE802155420CD005C1F43 /* Sources */,
				868BE803155420CD005C1F43 /* Frameworks */,
				868BE804155420CD005C1F43 /* CopyFiles */,
			);
			buildRules = (
			);
			dependencies = (
			);
			name = "Chapter 7 Challenge";
			productName = "Chapter 7 Challenge";
			productReference = 868BE806155420CD005C1F43 /* Chapter 7 Challenge */;
			productType = "com.apple.product-type.tool";
		};
/* End PBXNativeTarget section */

/* Begin PBXProject section */
		868BE7FD155420CD005C1F43 /* Project object */ = {
			isa = PBXProject;
			attributes = {
				LastUpgradeCheck = 0430;
			};
			buildConfigurationList = 868BE800155420CD005C1F43 /* Build configuration list for PBXProject "Chapter 7 Challenge" */;
			compatibilityVersion = "Xcode 3.2";
			developmentRegion = English;
			hasScannedForEncodings = 0;
			knownRegions = (
				en,
			);
			mainGroup = 868BE7FB155420CD005C1F43;
			productRefGroup = 868BE807155420CD005C1F43 /* Products */;
			projectDirPath = "";
			projectRoot = "";
			targets = (
				868BE805155420CD005C1F43 /* Chapter 7 Challenge */,
			);
		};
/* End PBXProject section */

/* Begin PBXSourcesBuildPhase section */
		868BE802155420CD005C1F43 /* Sources */ = {
			isa = PBXSourcesBuildPhase;
			buildActionMask = 2147483647;
			files = (
				868BE80B155420CD005C1F43 /* main.c in Sources */,
			);
			runOnlyForDeploymentPostprocessing = 0;
		};
/* End PBXSourcesBuildPhase section */

/* Begin XCBuildConfiguration section */
		868BE80E155420CD005C1F43 /* Debug */ = {
			isa = XCBuildConfiguration;
			buildSettings = {
				ALWAYS_SEARCH_USER_PATHS = NO;
				ARCHS = "$(ARCHS_STANDARD_64_BIT)";
				CLANG_ENABLE_OBJC_ARC = YES;
				COPY_PHASE_STRIP = NO;
				GCC_C_LANGUAGE_STANDARD = gnu99;
				GCC_DYNAMIC_NO_PIC = NO;
				GCC_ENABLE_OBJC_EXCEPTIONS = YES;
				GCC_OPTIMIZATION_LEVEL = 0;
				GCC_PREPROCESSOR_DEFINITIONS = (
					"DEBUG=1",
					"$(inherited)",
				);
				GCC_SYMBOLS_PRIVATE_EXTERN = NO;
				GCC_VERSION = com.apple.compilers.llvm.clang.1_0;
				GCC_WARN_64_TO_32_BIT_CONVERSION = YES;
				GCC_WARN_ABOUT_RETURN_TYPE = YES;
				GCC_WARN_UNINITIALIZED_AUTOS = YES;
				GCC_WARN_UNUSED_VARIABLE = YES;
				MACOSX_DEPLOYMENT_TARGET = 10.7;
				ONLY_ACTIVE_ARCH = YES;
				SDKROOT = macosx;
			};
			name = Debug;
		};
		868BE80F155420CD005C1F43 /* Release */ = {
			isa = XCBuildConfiguration;
			buildSettings = {
				ALWAYS_SEARCH_USER_PATHS = NO;
				ARCHS = "$(ARCHS_STANDARD_64_BIT)";
				CLANG_ENABLE_OBJC_ARC = YES;
				COPY_PHASE_STRIP = YES;
				DEBUG_INFORMATION_FORMAT = "dwarf-with-dsym";
				GCC_C_LANGUAGE_STANDARD = gnu99;
				GCC_ENABLE_OBJC_EXCEPTIONS = YES;
				GCC_VERSION = com.apple.compilers.llvm.clang.1_0;
				GCC_WARN_64_TO_32_BIT_CONVERSION = YES;
				GCC_WARN_ABOUT_RETURN_TYPE = YES;
				GCC_WARN_UNINITIALIZED_AUTOS = YES;
				GCC_WARN_UNUSED_VARIABLE = YES;
				MACOSX_DEPLOYMENT_TARGET = 10.7;
				SDKROOT = macosx;
			};
			name = Release;
		};
		868BE811155420CD005C1F43 /* Debug */ = {
			isa = XCBuildConfiguration;
			buildSettings = {
				PRODUCT_NAME = "$(TARGET_NAME)";
			};
			name = Debug;
		};
		868BE812155420CD005C1F43 /* Release */ = {
			isa = XCBuildConfiguration;
			buildSettings = {
				PRODUCT_NAME = "$(TARGET_NAME)";
			};
			name = Release;
		};
/* End XCBuildConfiguration section */

/* Begin XCConfigurationList section */
		868BE800155420CD005C1F43 /* Build configuration list for PBXProject "Chapter 7 Challenge" */ = {
			isa = XCConfigurationList;
			buildConfigurations = (
				868BE80E155420CD005C1F43 /* Debug */,
				868BE80F155420CD005C1F43 /* Release */,
			);
			defaultConfigurationIsVisible = 0;
			defaultConfigurationName = Release;
		};
		868BE810155420CD005C1F43 /* Build configuration list for PBXNativeTarget "Chapter 7 Challenge" */ = {
			isa = XCConfigurationList;
			buildConfigurations = (
				868BE811155420CD005C1F43 /* Debug */,
				868BE812155420CD005C1F43 /* Release */,
			);
			defaultConfigurationIsVisible = 0;
		};
/* End XCConfigurationList section */
	};
	rootObject = 868BE7FD155420CD005C1F43 /* Project object */;
}
